// !$*UTF8*$!
{
	archiveVersion = 1;
	classes = {
	};
	objectVersion = 50;
	objects = {

/* Begin PBXBuildFile section */
		BFEE73F124C8B8C70081B4F4 /* AppDelegate.swift in Sources */ = {isa = PBXBuildFile; fileRef = BFEE73F024C8B8C70081B4F4 /* AppDelegate.swift */; };
		BFEE73F324C8B8C70081B4F4 /* SceneDelegate.swift in Sources */ = {isa = PBXBuildFile; fileRef = BFEE73F224C8B8C70081B4F4 /* SceneDelegate.swift */; };
		BFEE73F524C8B8C70081B4F4 /* ViewController.swift in Sources */ = {isa = PBXBuildFile; fileRef = BFEE73F424C8B8C70081B4F4 /* ViewController.swift */; };
		BFEE73F824C8B8C70081B4F4 /* Main.storyboard in Resources */ = {isa = PBXBuildFile; fileRef = BFEE73F624C8B8C70081B4F4 /* Main.storyboard */; };
		BFEE73FA24C8B8C80081B4F4 /* Assets.xcassets in Resources */ = {isa = PBXBuildFile; fileRef = BFEE73F924C8B8C80081B4F4 /* Assets.xcassets */; };
		BFEE73FD24C8B8C80081B4F4 /* LaunchScreen.storyboard in Resources */ = {isa = PBXBuildFile; fileRef = BFEE73FB24C8B8C80081B4F4 /* LaunchScreen.storyboard */; };
/* End PBXBuildFile section */

/* Begin PBXFileReference section */
		BFEE73ED24C8B8C70081B4F4 /* Sirany_Navigation Project.app */ = {isa = PBXFileReference; explicitFileType = wrapper.application; includeInIndex = 0; path = "Sirany_Navigation Project.app"; sourceTree = BUILT_PRODUCTS_DIR; };
		BFEE73F024C8B8C70081B4F4 /* AppDelegate.swift */ = {isa = PBXFileReference; lastKnownFileType = sourcecode.swift; path = AppDelegate.swift; sourceTree = "<group>"; };
		BFEE73F224C8B8C70081B4F4 /* SceneDelegate.swift */ = {isa = PBXFileReference; lastKnownFileType = sourcecode.swift; path = SceneDelegate.swift; sourceTree = "<group>"; };
		BFEE73F424C8B8C70081B4F4 /* ViewController.swift */ = {isa = PBXFileReference; lastKnownFileType = sourcecode.swift; path = ViewController.swift; sourceTree = "<group>"; };
		BFEE73F724C8B8C70081B4F4 /* Base */ = {isa = PBXFileReference; lastKnownFileType = file.storyboard; name = Base; path = Base.lproj/Main.storyboard; sourceTree = "<group>"; };
		BFEE73F924C8B8C80081B4F4 /* Assets.xcassets */ = {isa = PBXFileReference; lastKnownFileType = folder.assetcatalog; path = Assets.xcassets; sourceTree = "<group>"; };
		BFEE73FC24C8B8C80081B4F4 /* Base */ = {isa = PBXFileReference; lastKnownFileType = file.storyboard; name = Base; path = Base.lproj/LaunchScreen.storyboard; sourceTree = "<group>"; };
		BFEE73FE24C8B8C80081B4F4 /* Info.plist */ = {isa = PBXFileReference; lastKnownFileType = text.plist.xml; path = Info.plist; sourceTree = "<group>"; };
/* End PBXFileReference section */

/* Begin PBXFrameworksBuildPhase section */
		BFEE73EA24C8B8C70081B4F4 /* Frameworks */ = {
			isa = PBXFrameworksBuildPhase;
			buildActionMask = 2147483647;
			files = (
			);
			runOnlyForDeploymentPostprocessing = 0;
		};
/* End PBXFrameworksBuildPhase section */

/* Begin PBXGroup section */
		BFEE73E424C8B8C70081B4F4 = {
			isa = PBXGroup;
			children = (
				BFEE73EF24C8B8C70081B4F4 /* Sirany_Navigation Project */,
				BFEE73EE24C8B8C70081B4F4 /* Products */,
			);
			sourceTree = "<group>";
		};
		BFEE73EE24C8B8C70081B4F4 /* Products */ = {
			isa = PBXGroup;
			children = (
				BFEE73ED24C8B8C70081B4F4 /* Sirany_Navigation Project.app */,
			);
			name = Products;
			sourceTree = "<group>";
		};
		BFEE73EF24C8B8C70081B4F4 /* Sirany_Navigation Project */ = {
			isa = PBXGroup;
			children = (
				BFEE73F024C8B8C70081B4F4 /* AppDelegate.swift */,
				BFEE73F224C8B8C70081B4F4 /* SceneDelegate.swift */,
				BFEE73F424C8B8C70081B4F4 /* ViewController.swift */,
				BFEE73F624C8B8C70081B4F4 /* Main.storyboard */,
				BFEE73F924C8B8C80081B4F4 /* Assets.xcassets */,
				BFEE73FB24C8B8C80081B4F4 /* LaunchScreen.storyboard */,
				BFEE73FE24C8B8C80081B4F4 /* Info.plist */,
			);
			path = "Sirany_Navigation Project";
			sourceTree = "<group>";
		};
/* End PBXGroup section */

/* Begin PBXNativeTarget section */
		BFEE73EC24C8B8C70081B4F4 /* Sirany_Navigation Project */ = {
			isa = PBXNativeTarget;
			buildConfigurationList = BFEE740124C8B8C80081B4F4 /* Build configuration list for PBXNativeTarget "Sirany_Navigation Project" */;
			buildPhases = (
				BFEE73E924C8B8C70081B4F4 /* Sources */,
				BFEE73EA24C8B8C70081B4F4 /* Frameworks */,
				BFEE73EB24C8B8C70081B4F4 /* Resources */,
			);
			buildRules = (
			);
			dependencies = (
			);
			name = "Sirany_Navigation Project";
			productName = "Sirany_Navigation Project";
			productReference = BFEE73ED24C8B8C70081B4F4 /* Sirany_Navigation Project.app */;
			productType = "com.apple.product-type.application";
		};
/* End PBXNativeTarget section */

/* Begin PBXProject section */
		BFEE73E524C8B8C70081B4F4 /* Project object */ = {
			isa = PBXProject;
			attributes = {
				LastSwiftUpdateCheck = 1160;
				LastUpgradeCheck = 1160;
				ORGANIZATIONNAME = "Peter Sirany";
				TargetAttributes = {
					BFEE73EC24C8B8C70081B4F4 = {
						CreatedOnToolsVersion = 11.6;
					};
				};
			};
			buildConfigurationList = BFEE73E824C8B8C70081B4F4 /* Build configuration list for PBXProject "Sirany_Navigation Project" */;
			compatibilityVersion = "Xcode 9.3";
			developmentRegion = en;
			hasScannedForEncodings = 0;
			knownRegions = (
				en,
				Base,
			);
			mainGroup = BFEE73E424C8B8C70081B4F4;
			productRefGroup = BFEE73EE24C8B8C70081B4F4 /* Products */;
			projectDirPath = "";
			projectRoot = "";
			targets = (
				BFEE73EC24C8B8C70081B4F4 /* Sirany_Navigation Project */,
			);
		};
/* End PBXProject section */

/* Begin PBXResourcesBuildPhase section */
		BFEE73EB24C8B8C70081B4F4 /* Resources */ = {
			isa = PBXResourcesBuildPhase;
			buildActionMask = 2147483647;
			files = (
				BFEE73FD24C8B8C80081B4F4 /* LaunchScreen.storyboard in Resources */,
				BFEE73FA24C8B8C80081B4F4 /* Assets.xcassets in Resources */,
				BFEE73F824C8B8C70081B4F4 /* Main.storyboard in Resources */,
			);
			runOnlyForDeploymentPostprocessing = 0;
		};
/* End PBXResourcesBuildPhase section */

/* Begin PBXSourcesBuildPhase section */
		BFEE73E924C8B8C70081B4F4 /* Sources */ = {
			isa = PBXSourcesBuildPhase;
			buildActionMask = 2147483647;
			files = (
				BFEE73F524C8B8C70081B4F4 /* ViewController.swift in Sources */,
				BFEE73F124C8B8C70081B4F4 /* AppDelegate.swift in Sources */,
				BFEE73F324C8B8C70081B4F4 /* SceneDelegate.swift in Sources */,
			);
			runOnlyForDeploymentPostprocessing = 0;
		};
/* End PBXSourcesBuildPhase section */

/* Begin PBXVariantGroup section */
		BFEE73F624C8B8C70081B4F4 /* Main.storyboard */ = {
			isa = PBXVariantGroup;
			children = (
				BFEE73F724C8B8C70081B4F4 /* Base */,
			);
			name = Main.storyboard;
			sourceTree = "<group>";
		};
		BFEE73FB24C8B8C80081B4F4 /* LaunchScreen.storyboard */ = {
			isa = PBXVariantGroup;
			children = (
				BFEE73FC24C8B8C80081B4F4 /* Base */,
			);
			name = LaunchScreen.storyboard;
			sourceTree = "<group>";
		};
/* End PBXVariantGroup section */

/* Begin XCBuildConfiguration section */
		BFEE73FF24C8B8C80081B4F4 /* Debug */ = {
			isa = XCBuildConfiguration;
			buildSettings = {
				ALWAYS_SEARCH_USER_PATHS = NO;
				CLANG_ANALYZER_NONNULL = YES;
				CLANG_ANALYZER_NUMBER_OBJECT_CONVERSION = YES_AGGRESSIVE;
				CLANG_CXX_LANGUAGE_STANDARD = "gnu++14";
				CLANG_CXX_LIBRARY = "libc++";
				CLANG_ENABLE_MODULES = YES;
				CLANG_ENABLE_OBJC_ARC = YES;
				CLANG_ENABLE_OBJC_WEAK = YES;
				CLANG_WARN_BLOCK_CAPTURE_AUTORELEASING = YES;
				CLANG_WARN_BOOL_CONVERSION = YES;
				CLANG_WARN_COMMA = YES;
				CLANG_WARN_CONSTANT_CONVERSION = YES;
				CLANG_WARN_DEPRECATED_OBJC_IMPLEMENTATIONS = YES;
				CLANG_WARN_DIRECT_OBJC_ISA_USAGE = YES_ERROR;
				CLANG_WARN_DOCUMENTATION_COMMENTS = YES;
				CLANG_WARN_EMPTY_BODY = YES;
				CLANG_WARN_ENUM_CONVERSION = YES;
				CLANG_WARN_INFINITE_RECURSION = YES;
				CLANG_WARN_INT_CONVERSION = YES;
				CLANG_WARN_NON_LITERAL_NULL_CONVERSION = YES;
				CLANG_WARN_OBJC_IMPLICIT_RETAIN_SELF = YES;
				CLANG_WARN_OBJC_LITERAL_CONVERSION = YES;
				CLANG_WARN_OBJC_ROOT_CLASS = YES_ERROR;
				CLANG_WARN_RANGE_LOOP_ANALYSIS = YES;
				CLANG_WARN_STRICT_PROTOTYPES = YES;
				CLANG_WARN_SUSPICIOUS_MOVE = YES;
				CLANG_WARN_UNGUARDED_AVAILABILITY = YES_AGGRESSIVE;
				CLANG_WARN_UNREACHABLE_CODE = YES;
				CLANG_WARN__DUPLICATE_METHOD_MATCH = YES;
				COPY_PHASE_STRIP = NO;
				DEBUG_INFORMATION_FORMAT = dwarf;
				ENABLE_STRICT_OBJC_MSGSEND = YES;
				ENABLE_TESTABILITY = YES;
				GCC_C_LANGUAGE_STANDARD = gnu11;
				GCC_DYNAMIC_NO_PIC = NO;
				GCC_NO_COMMON_BLOCKS = YES;
				GCC_OPTIMIZATION_LEVEL = 0;
				GCC_PREPROCESSOR_DEFINITIONS = (
					"DEBUG=1",
					"$(inherited)",
				);
				GCC_WARN_64_TO_32_BIT_CONVERSION = YES;
				GCC_WARN_ABOUT_RETURN_TYPE = YES_ERROR;
				GCC_WARN_UNDECLARED_SELECTOR = YES;
				GCC_WARN_UNINITIALIZED_AUTOS = YES_AGGRESSIVE;
				GCC_WARN_UNUSED_FUNCTION = YES;
				GCC_WARN_UNUSED_VARIABLE = YES;
				IPHONEOS_DEPLOYMENT_TARGET = 13.6;
				MTL_ENABLE_DEBUG_INFO = INCLUDE_SOURCE;
				MTL_FAST_MATH = YES;
				ONLY_ACTIVE_ARCH = YES;
				SDKROOT = iphoneos;
				SWIFT_ACTIVE_COMPILATION_CONDITIONS = DEBUG;
				SWIFT_OPTIMIZATION_LEVEL = "-Onone";
			};
			name = Debug;
		};
		BFEE740024C8B8C80081B4F4 /* Release */ = {
			isa = XCBuildConfiguration;
			buildSettings = {
				ALWAYS_SEARCH_USER_PATHS = NO;
				CLANG_ANALYZER_NONNULL = YES;
				CLANG_ANALYZER_NUMBER_OBJECT_CONVERSION = YES_AGGRESSIVE;
				CLANG_CXX_LANGUAGE_STANDARD = "gnu++14";
				CLANG_CXX_LIBRARY = "libc++";
				CLANG_ENABLE_MODULES = YES;
				CLANG_ENABLE_OBJC_ARC = YES;
				CLANG_ENABLE_OBJC_WEAK = YES;
				CLANG_WARN_BLOCK_CAPTURE_AUTORELEASING = YES;
				CLANG_WARN_BOOL_CONVERSION = YES;
				CLANG_WARN_COMMA = YES;
				CLANG_WARN_CONSTANT_CONVERSION = YES;
				CLANG_WARN_DEPRECATED_OBJC_IMPLEMENTATIONS = YES;
				CLANG_WARN_DIRECT_OBJC_ISA_USAGE = YES_ERROR;
				CLANG_WARN_DOCUMENTATION_COMMENTS = YES;
				CLANG_WARN_EMPTY_BODY = YES;
				CLANG_WARN_ENUM_CONVERSION = YES;
				CLANG_WARN_INFINITE_RECURSION = YES;
				CLANG_WARN_INT_CONVERSION = YES;
				CLANG_WARN_NON_LITERAL_NULL_CONVERSION = YES;
				CLANG_WARN_OBJC_IMPLICIT_RETAIN_SELF = YES;
				CLANG_WARN_OBJC_LITERAL_CONVERSION = YES;
				CLANG_WARN_OBJC_ROOT_CLASS = YES_ERROR;
				CLANG_WARN_RANGE_LOOP_ANALYSIS = YES;
				CLANG_WARN_STRICT_PROTOTYPES = YES;
				CLANG_WARN_SUSPICIOUS_MOVE = YES;
				CLANG_WARN_UNGUARDED_AVAILABILITY = YES_AGGRESSIVE;
				CLANG_WARN_UNREACHABLE_CODE = YES;
				CLANG_WARN__DUPLICATE_METHOD_MATCH = YES;
				COPY_PHASE_STRIP = NO;
				DEBUG_INFORMATION_FORMAT = "dwarf-with-dsym";
				ENABLE_NS_ASSERTIONS = NO;
				ENABLE_STRICT_OBJC_MSGSEND = YES;
				GCC_C_LANGUAGE_STANDARD = gnu11;
				GCC_NO_COMMON_BLOCKS = YES;
				GCC_WARN_64_TO_32_BIT_CONVERSION = YES;
				GCC_WARN_ABOUT_RETURN_TYPE = YES_ERROR;
				GCC_WARN_UNDECLARED_SELECTOR = YES;
				GCC_WARN_UNINITIALIZED_AUTOS = YES_AGGRESSIVE;
				GCC_WARN_UNUSED_FUNCTION = YES;
				GCC_WARN_UNUSED_VARIABLE = YES;
				IPHONEOS_DEPLOYMENT_TARGET = 13.6;
				MTL_ENABLE_DEBUG_INFO = NO;
				MTL_FAST_MATH = YES;
				SDKROOT = iphoneos;
				SWIFT_COMPILATION_MODE = wholemodule;
				SWIFT_OPTIMIZATION_LEVEL = "-O";
				VALIDATE_PRODUCT = YES;
			};
			name = Release;
		};
		BFEE740224C8B8C80081B4F4 /* Debug */ = {
			isa = XCBuildConfiguration;
			buildSettings = {
				ASSETCATALOG_COMPILER_APPICON_NAME = AppIcon;
				CODE_SIGN_STYLE = Automatic;
				DEVELOPMENT_TEAM = 92E2GJM9KU;
				INFOPLIST_FILE = "Sirany_Navigation Project/Info.plist";
				LD_RUNPATH_SEARCH_PATHS = (
					"$(inherited)",
					"@executable_path/Frameworks",
				);
				PRODUCT_BUNDLE_IDENTIFIER = "com.pilotefc.Sirany-Navigation-Project";
				PRODUCT_NAME = "$(TARGET_NAME)";
				SWIFT_VERSION = 5.0;
				TARGETED_DEVICE_FAMILY = "1,2";
			};
			name = Debug;
		};
		BFEE740324C8B8C80081B4F4 /* Release */ = {
			isa = XCBuildConfiguration;
			buildSettings = {
				ASSETCATALOG_COMPILER_APPICON_NAME = AppIcon;
				CODE_SIGN_STYLE = Automatic;
				DEVELOPMENT_TEAM = 92E2GJM9KU;
				INFOPLIST_FILE = "Sirany_Navigation Project/Info.plist";
				LD_RUNPATH_SEARCH_PATHS = (
					"$(inherited)",
					"@executable_path/Frameworks",
				);
				PRODUCT_BUNDLE_IDENTIFIER = "com.pilotefc.Sirany-Navigation-Project";
				PRODUCT_NAME = "$(TARGET_NAME)";
				SWIFT_VERSION = 5.0;
				TARGETED_DEVICE_FAMILY = "1,2";
			};
			name = Release;
		};
/* End XCBuildConfiguration section */

/* Begin XCConfigurationList section */
		BFEE73E824C8B8C70081B4F4 /* Build configuration list for PBXProject "Sirany_Navigation Project" */ = {
			isa = XCConfigurationList;
			buildConfigurations = (
				BFEE73FF24C8B8C80081B4F4 /* Debug */,
				BFEE740024C8B8C80081B4F4 /* Release */,
			);
			defaultConfigurationIsVisible = 0;
			defaultConfigurationName = Release;
		};
		BFEE740124C8B8C80081B4F4 /* Build configuration list for PBXNativeTarget "Sirany_Navigation Project" */ = {
			isa = XCConfigurationList;
			buildConfigurations = (
				BFEE740224C8B8C80081B4F4 /* Debug */,
				BFEE740324C8B8C80081B4F4 /* Release */,
			);
			defaultConfigurationIsVisible = 0;
			defaultConfigurationName = Release;
		};
/* End XCConfigurationList section */
	};
	rootObject = BFEE73E524C8B8C70081B4F4 /* Project object */;
}
